// !$*UTF8*$!
{
	archiveVersion = 1;
	classes = {
	};
	objectVersion = 50;
	objects = {

/* Begin PBXBuildFile section */
		0C7460A227962D60003231E3 /* AppDelegate.swift in Sources */ = {isa = PBXBuildFile; fileRef = 0C7460A127962D60003231E3 /* AppDelegate.swift */; };
		0C7460A427962D60003231E3 /* SceneDelegate.swift in Sources */ = {isa = PBXBuildFile; fileRef = 0C7460A327962D60003231E3 /* SceneDelegate.swift */; };
		0C7460A627962D60003231E3 /* TicTacToeViewController.swift in Sources */ = {isa = PBXBuildFile; fileRef = 0C7460A527962D60003231E3 /* TicTacToeViewController.swift */; };
		0C7460A927962D60003231E3 /* Main.storyboard in Resources */ = {isa = PBXBuildFile; fileRef = 0C7460A727962D60003231E3 /* Main.storyboard */; };
		0C7460AB27962D62003231E3 /* Assets.xcassets in Resources */ = {isa = PBXBuildFile; fileRef = 0C7460AA27962D62003231E3 /* Assets.xcassets */; };
		0C7460AE27962D62003231E3 /* LaunchScreen.storyboard in Resources */ = {isa = PBXBuildFile; fileRef = 0C7460AC27962D62003231E3 /* LaunchScreen.storyboard */; };
		0C7460B927962E6F003231E3 /* GameController.swift in Sources */ = {isa = PBXBuildFile; fileRef = 0C7460B827962E6F003231E3 /* GameController.swift */; };
		0C7460BB27962FE3003231E3 /* GameModels.swift in Sources */ = {isa = PBXBuildFile; fileRef = 0C7460BA27962FE3003231E3 /* GameModels.swift */; };
		0C7460BE2796311B003231E3 /* SquareCollectionViewCell.swift in Sources */ = {isa = PBXBuildFile; fileRef = 0C7460BD2796311B003231E3 /* SquareCollectionViewCell.swift */; };
/* End PBXBuildFile section */

/* Begin PBXFileReference section */
		0C74609E27962D60003231E3 /* tic-tac-toe.app */ = {isa = PBXFileReference; explicitFileType = wrapper.application; includeInIndex = 0; path = "tic-tac-toe.app"; sourceTree = BUILT_PRODUCTS_DIR; };
		0C7460A127962D60003231E3 /* AppDelegate.swift */ = {isa = PBXFileReference; lastKnownFileType = sourcecode.swift; path = AppDelegate.swift; sourceTree = "<group>"; };
		0C7460A327962D60003231E3 /* SceneDelegate.swift */ = {isa = PBXFileReference; lastKnownFileType = sourcecode.swift; path = SceneDelegate.swift; sourceTree = "<group>"; };
		0C7460A527962D60003231E3 /* TicTacToeViewController.swift */ = {isa = PBXFileReference; lastKnownFileType = sourcecode.swift; path = TicTacToeViewController.swift; sourceTree = "<group>"; };
		0C7460A827962D60003231E3 /* Base */ = {isa = PBXFileReference; lastKnownFileType = file.storyboard; name = Base; path = Base.lproj/Main.storyboard; sourceTree = "<group>"; };
		0C7460AA27962D62003231E3 /* Assets.xcassets */ = {isa = PBXFileReference; lastKnownFileType = folder.assetcatalog; path = Assets.xcassets; sourceTree = "<group>"; };
		0C7460AD27962D62003231E3 /* Base */ = {isa = PBXFileReference; lastKnownFileType = file.storyboard; name = Base; path = Base.lproj/LaunchScreen.storyboard; sourceTree = "<group>"; };
		0C7460AF27962D62003231E3 /* Info.plist */ = {isa = PBXFileReference; lastKnownFileType = text.plist.xml; path = Info.plist; sourceTree = "<group>"; };
		0C7460B827962E6F003231E3 /* GameController.swift */ = {isa = PBXFileReference; lastKnownFileType = sourcecode.swift; path = GameController.swift; sourceTree = "<group>"; };
		0C7460BA27962FE3003231E3 /* GameModels.swift */ = {isa = PBXFileReference; lastKnownFileType = sourcecode.swift; path = GameModels.swift; sourceTree = "<group>"; };
		0C7460BD2796311B003231E3 /* SquareCollectionViewCell.swift */ = {isa = PBXFileReference; lastKnownFileType = sourcecode.swift; path = SquareCollectionViewCell.swift; sourceTree = "<group>"; };
/* End PBXFileReference section */

/* Begin PBXFrameworksBuildPhase section */
		0C74609B27962D60003231E3 /* Frameworks */ = {
			isa = PBXFrameworksBuildPhase;
			buildActionMask = 2147483647;
			files = (
			);
			runOnlyForDeploymentPostprocessing = 0;
		};
/* End PBXFrameworksBuildPhase section */

/* Begin PBXGroup section */
		0C74609527962D60003231E3 = {
			isa = PBXGroup;
			children = (
				0C7460A027962D60003231E3 /* tic-tac-toe */,
				0C74609F27962D60003231E3 /* Products */,
			);
			sourceTree = "<group>";
		};
		0C74609F27962D60003231E3 /* Products */ = {
			isa = PBXGroup;
			children = (
				0C74609E27962D60003231E3 /* tic-tac-toe.app */,
			);
			name = Products;
			sourceTree = "<group>";
		};
		0C7460A027962D60003231E3 /* tic-tac-toe */ = {
			isa = PBXGroup;
			children = (
				0C7460B527962E4D003231E3 /* Model */,
				0C7460B627962E52003231E3 /* View */,
				0C7460BF27963500003231E3 /* Controller */,
				0C7460A127962D60003231E3 /* AppDelegate.swift */,
				0C7460A327962D60003231E3 /* SceneDelegate.swift */,
				0C7460AA27962D62003231E3 /* Assets.xcassets */,
				0C7460AF27962D62003231E3 /* Info.plist */,
			);
			path = "tic-tac-toe";
			sourceTree = "<group>";
		};
		0C7460B527962E4D003231E3 /* Model */ = {
			isa = PBXGroup;
			children = (
				0C7460BA27962FE3003231E3 /* GameModels.swift */,
			);
			path = Model;
			sourceTree = "<group>";
		};
		0C7460B627962E52003231E3 /* View */ = {
			isa = PBXGroup;
			children = (
				0C7460AC27962D62003231E3 /* LaunchScreen.storyboard */,
				0C7460A727962D60003231E3 /* Main.storyboard */,
				0C7460A527962D60003231E3 /* TicTacToeViewController.swift */,
				0C7460BC279630F8003231E3 /* SquareCollectionViewCell */,
			);
			path = View;
			sourceTree = "<group>";
		};
		0C7460BC279630F8003231E3 /* SquareCollectionViewCell */ = {
			isa = PBXGroup;
			children = (
				0C7460BD2796311B003231E3 /* SquareCollectionViewCell.swift */,
			);
			path = SquareCollectionViewCell;
			sourceTree = "<group>";
		};
		0C7460BF27963500003231E3 /* Controller */ = {
			isa = PBXGroup;
			children = (
				0C7460B827962E6F003231E3 /* GameController.swift */,
			);
			path = Controller;
			sourceTree = "<group>";
		};
/* End PBXGroup section */

/* Begin PBXNativeTarget section */
		0C74609D27962D60003231E3 /* tic-tac-toe */ = {
			isa = PBXNativeTarget;
			buildConfigurationList = 0C7460B227962D62003231E3 /* Build configuration list for PBXNativeTarget "tic-tac-toe" */;
			buildPhases = (
				0C74609A27962D60003231E3 /* Sources */,
				0C74609B27962D60003231E3 /* Frameworks */,
				0C74609C27962D60003231E3 /* Resources */,
			);
			buildRules = (
			);
			dependencies = (
			);
			name = "tic-tac-toe";
			productName = "tic-tac-toe";
			productReference = 0C74609E27962D60003231E3 /* tic-tac-toe.app */;
			productType = "com.apple.product-type.application";
		};
/* End PBXNativeTarget section */

/* Begin PBXProject section */
		0C74609627962D60003231E3 /* Project object */ = {
			isa = PBXProject;
			attributes = {
				LastSwiftUpdateCheck = 1250;
				LastUpgradeCheck = 1250;
				TargetAttributes = {
					0C74609D27962D60003231E3 = {
						CreatedOnToolsVersion = 12.5.1;
					};
				};
			};
			buildConfigurationList = 0C74609927962D60003231E3 /* Build configuration list for PBXProject "tic-tac-toe" */;
			compatibilityVersion = "Xcode 9.3";
			developmentRegion = en;
			hasScannedForEncodings = 0;
			knownRegions = (
				en,
				Base,
			);
			mainGroup = 0C74609527962D60003231E3;
			productRefGroup = 0C74609F27962D60003231E3 /* Products */;
			projectDirPath = "";
			projectRoot = "";
			targets = (
				0C74609D27962D60003231E3 /* tic-tac-toe */,
			);
		};
/* End PBXProject section */

/* Begin PBXResourcesBuildPhase section */
		0C74609C27962D60003231E3 /* Resources */ = {
			isa = PBXResourcesBuildPhase;
			buildActionMask = 2147483647;
			files = (
				0C7460AE27962D62003231E3 /* LaunchScreen.storyboard in Resources */,
				0C7460AB27962D62003231E3 /* Assets.xcassets in Resources */,
				0C7460A927962D60003231E3 /* Main.storyboard in Resources */,
			);
			runOnlyForDeploymentPostprocessing = 0;
		};
/* End PBXResourcesBuildPhase section */

/* Begin PBXSourcesBuildPhase section */
		0C74609A27962D60003231E3 /* Sources */ = {
			isa = PBXSourcesBuildPhase;
			buildActionMask = 2147483647;
			files = (
				0C7460A627962D60003231E3 /* TicTacToeViewController.swift in Sources */,
				0C7460B927962E6F003231E3 /* GameController.swift in Sources */,
				0C7460A227962D60003231E3 /* AppDelegate.swift in Sources */,
				0C7460BE2796311B003231E3 /* SquareCollectionViewCell.swift in Sources */,
				0C7460A427962D60003231E3 /* SceneDelegate.swift in Sources */,
				0C7460BB27962FE3003231E3 /* GameModels.swift in Sources */,
			);
			runOnlyForDeploymentPostprocessing = 0;
		};
/* End PBXSourcesBuildPhase section */

/* Begin PBXVariantGroup section */
		0C7460A727962D60003231E3 /* Main.storyboard */ = {
			isa = PBXVariantGroup;
			children = (
				0C7460A827962D60003231E3 /* Base */,
			);
			name = Main.storyboard;
			sourceTree = "<group>";
		};
		0C7460AC27962D62003231E3 /* LaunchScreen.storyboard */ = {
			isa = PBXVariantGroup;
			children = (
				0C7460AD27962D62003231E3 /* Base */,
			);
			name = LaunchScreen.storyboard;
			sourceTree = "<group>";
		};
/* End PBXVariantGroup section */

/* Begin XCBuildConfiguration section */
		0C7460B027962D62003231E3 /* Debug */ = {
			isa = XCBuildConfiguration;
			buildSettings = {
				ALWAYS_SEARCH_USER_PATHS = NO;
				CLANG_ANALYZER_NONNULL = YES;
				CLANG_ANALYZER_NUMBER_OBJECT_CONVERSION = YES_AGGRESSIVE;
				CLANG_CXX_LANGUAGE_STANDARD = "gnu++14";
				CLANG_CXX_LIBRARY = "libc++";
				CLANG_ENABLE_MODULES = YES;
				CLANG_ENABLE_OBJC_ARC = YES;
				CLANG_ENABLE_OBJC_WEAK = YES;
				CLANG_WARN_BLOCK_CAPTURE_AUTORELEASING = YES;
				CLANG_WARN_BOOL_CONVERSION = YES;
				CLANG_WARN_COMMA = YES;
				CLANG_WARN_CONSTANT_CONVERSION = YES;
				CLANG_WARN_DEPRECATED_OBJC_IMPLEMENTATIONS = YES;
				CLANG_WARN_DIRECT_OBJC_ISA_USAGE = YES_ERROR;
				CLANG_WARN_DOCUMENTATION_COMMENTS = YES;
				CLANG_WARN_EMPTY_BODY = YES;
				CLANG_WARN_ENUM_CONVERSION = YES;
				CLANG_WARN_INFINITE_RECURSION = YES;
				CLANG_WARN_INT_CONVERSION = YES;
				CLANG_WARN_NON_LITERAL_NULL_CONVERSION = YES;
				CLANG_WARN_OBJC_IMPLICIT_RETAIN_SELF = YES;
				CLANG_WARN_OBJC_LITERAL_CONVERSION = YES;
				CLANG_WARN_OBJC_ROOT_CLASS = YES_ERROR;
				CLANG_WARN_QUOTED_INCLUDE_IN_FRAMEWORK_HEADER = YES;
				CLANG_WARN_RANGE_LOOP_ANALYSIS = YES;
				CLANG_WARN_STRICT_PROTOTYPES = YES;
				CLANG_WARN_SUSPICIOUS_MOVE = YES;
				CLANG_WARN_UNGUARDED_AVAILABILITY = YES_AGGRESSIVE;
				CLANG_WARN_UNREACHABLE_CODE = YES;
				CLANG_WARN__DUPLICATE_METHOD_MATCH = YES;
				COPY_PHASE_STRIP = NO;
				DEBUG_INFORMATION_FORMAT = dwarf;
				ENABLE_STRICT_OBJC_MSGSEND = YES;
				ENABLE_TESTABILITY = YES;
				GCC_C_LANGUAGE_STANDARD = gnu11;
				GCC_DYNAMIC_NO_PIC = NO;
				GCC_NO_COMMON_BLOCKS = YES;
				GCC_OPTIMIZATION_LEVEL = 0;
				GCC_PREPROCESSOR_DEFINITIONS = (
					"DEBUG=1",
					"$(inherited)",
				);
				GCC_WARN_64_TO_32_BIT_CONVERSION = YES;
				GCC_WARN_ABOUT_RETURN_TYPE = YES_ERROR;
				GCC_WARN_UNDECLARED_SELECTOR = YES;
				GCC_WARN_UNINITIALIZED_AUTOS = YES_AGGRESSIVE;
				GCC_WARN_UNUSED_FUNCTION = YES;
				GCC_WARN_UNUSED_VARIABLE = YES;
				IPHONEOS_DEPLOYMENT_TARGET = 14.5;
				MTL_ENABLE_DEBUG_INFO = INCLUDE_SOURCE;
				MTL_FAST_MATH = YES;
				ONLY_ACTIVE_ARCH = YES;
				SDKROOT = iphoneos;
				SWIFT_ACTIVE_COMPILATION_CONDITIONS = DEBUG;
				SWIFT_OPTIMIZATION_LEVEL = "-Onone";
			};
			name = Debug;
		};
		0C7460B127962D62003231E3 /* Release */ = {
			isa = XCBuildConfiguration;
			buildSettings = {
				ALWAYS_SEARCH_USER_PATHS = NO;
				CLANG_ANALYZER_NONNULL = YES;
				CLANG_ANALYZER_NUMBER_OBJECT_CONVERSION = YES_AGGRESSIVE;
				CLANG_CXX_LANGUAGE_STANDARD = "gnu++14";
				CLANG_CXX_LIBRARY = "libc++";
				CLANG_ENABLE_MODULES = YES;
				CLANG_ENABLE_OBJC_ARC = YES;
				CLANG_ENABLE_OBJC_WEAK = YES;
				CLANG_WARN_BLOCK_CAPTURE_AUTORELEASING = YES;
				CLANG_WARN_BOOL_CONVERSION = YES;
				CLANG_WARN_COMMA = YES;
				CLANG_WARN_CONSTANT_CONVERSION = YES;
				CLANG_WARN_DEPRECATED_OBJC_IMPLEMENTATIONS = YES;
				CLANG_WARN_DIRECT_OBJC_ISA_USAGE = YES_ERROR;
				CLANG_WARN_DOCUMENTATION_COMMENTS = YES;
				CLANG_WARN_EMPTY_BODY = YES;
				CLANG_WARN_ENUM_CONVERSION = YES;
				CLANG_WARN_INFINITE_RECURSION = YES;
				CLANG_WARN_INT_CONVERSION = YES;
				CLANG_WARN_NON_LITERAL_NULL_CONVERSION = YES;
				CLANG_WARN_OBJC_IMPLICIT_RETAIN_SELF = YES;
				CLANG_WARN_OBJC_LITERAL_CONVERSION = YES;
				CLANG_WARN_OBJC_ROOT_CLASS = YES_ERROR;
				CLANG_WARN_QUOTED_INCLUDE_IN_FRAMEWORK_HEADER = YES;
				CLANG_WARN_RANGE_LOOP_ANALYSIS = YES;
				CLANG_WARN_STRICT_PROTOTYPES = YES;
				CLANG_WARN_SUSPICIOUS_MOVE = YES;
				CLANG_WARN_UNGUARDED_AVAILABILITY = YES_AGGRESSIVE;
				CLANG_WARN_UNREACHABLE_CODE = YES;
				CLANG_WARN__DUPLICATE_METHOD_MATCH = YES;
				COPY_PHASE_STRIP = NO;
				DEBUG_INFORMATION_FORMAT = "dwarf-with-dsym";
				ENABLE_NS_ASSERTIONS = NO;
				ENABLE_STRICT_OBJC_MSGSEND = YES;
				GCC_C_LANGUAGE_STANDARD = gnu11;
				GCC_NO_COMMON_BLOCKS = YES;
				GCC_WARN_64_TO_32_BIT_CONVERSION = YES;
				GCC_WARN_ABOUT_RETURN_TYPE = YES_ERROR;
				GCC_WARN_UNDECLARED_SELECTOR = YES;
				GCC_WARN_UNINITIALIZED_AUTOS = YES_AGGRESSIVE;
				GCC_WARN_UNUSED_FUNCTION = YES;
				GCC_WARN_UNUSED_VARIABLE = YES;
				IPHONEOS_DEPLOYMENT_TARGET = 14.5;
				MTL_ENABLE_DEBUG_INFO = NO;
				MTL_FAST_MATH = YES;
				SDKROOT = iphoneos;
				SWIFT_COMPILATION_MODE = wholemodule;
				SWIFT_OPTIMIZATION_LEVEL = "-O";
				VALIDATE_PRODUCT = YES;
			};
			name = Release;
		};
		0C7460B327962D62003231E3 /* Debug */ = {
			isa = XCBuildConfiguration;
			buildSettings = {
				ASSETCATALOG_COMPILER_APPICON_NAME = AppIcon;
				ASSETCATALOG_COMPILER_GLOBAL_ACCENT_COLOR_NAME = AccentColor;
				CODE_SIGN_STYLE = Automatic;
				DEVELOPMENT_TEAM = T5GA7DTMUP;
				INFOPLIST_FILE = "tic-tac-toe/Info.plist";
				LD_RUNPATH_SEARCH_PATHS = (
					"$(inherited)",
					"@executable_path/Frameworks",
				);
				PRODUCT_BUNDLE_IDENTIFIER = "com.israajamal.tic-tac-toe";
				PRODUCT_NAME = "$(TARGET_NAME)";
				SWIFT_VERSION = 5.0;
				TARGETED_DEVICE_FAMILY = "1,2";
			};
			name = Debug;
		};
		0C7460B427962D62003231E3 /* Release */ = {
			isa = XCBuildConfiguration;
			buildSettings = {
				ASSETCATALOG_COMPILER_APPICON_NAME = AppIcon;
				ASSETCATALOG_COMPILER_GLOBAL_ACCENT_COLOR_NAME = AccentColor;
				CODE_SIGN_STYLE = Automatic;
				DEVELOPMENT_TEAM = T5GA7DTMUP;
				INFOPLIST_FILE = "tic-tac-toe/Info.plist";
				LD_RUNPATH_SEARCH_PATHS = (
					"$(inherited)",
					"@executable_path/Frameworks",
				);
				PRODUCT_BUNDLE_IDENTIFIER = "com.israajamal.tic-tac-toe";
				PRODUCT_NAME = "$(TARGET_NAME)";
				SWIFT_VERSION = 5.0;
				TARGETED_DEVICE_FAMILY = "1,2";
			};
			name = Release;
		};
/* End XCBuildConfiguration section */

/* Begin XCConfigurationList section */
		0C74609927962D60003231E3 /* Build configuration list for PBXProject "tic-tac-toe" */ = {
			isa = XCConfigurationList;
			buildConfigurations = (
				0C7460B027962D62003231E3 /* Debug */,
				0C7460B127962D62003231E3 /* Release */,
			);
			defaultConfigurationIsVisible = 0;
			defaultConfigurationName = Release;
		};
		0C7460B227962D62003231E3 /* Build configuration list for PBXNativeTarget "tic-tac-toe" */ = {
			isa = XCConfigurationList;
			buildConfigurations = (
				0C7460B327962D62003231E3 /* Debug */,
				0C7460B427962D62003231E3 /* Release */,
			);
			defaultConfigurationIsVisible = 0;
			defaultConfigurationName = Release;
		};
/* End XCConfigurationList section */
	};
	rootObject = 0C74609627962D60003231E3 /* Project object */;
}
